Microsoft Visual Studio Solution File, Format Version 12.00
# Visual Studio Version 17
VisualStudioVersion = 17.5.2.0
MinimumVisualStudioVersion = 10.0.40219.1
Project("{FAE04EC0-301F-11D3-BF4B-00C04F79EFBC}") = "EmprestimoCaixa", "EmprestimoCaixa.csproj", "{71717EE7-936A-0106-E385-6D633738C28A}"
EndProject
Global
	GlobalSection(SolutionConfigurationPlatforms) = preSolution
		Debug|Any CPU = Debug|Any CPU
		Release|Any CPU = Release|Any CPU
	EndGlobalSection
	GlobalSection(ProjectConfigurationPlatforms) = postSolution
		{71717EE7-936A-0106-E385-6D633738C28A}.Debug|Any CPU.ActiveCfg = Debug|Any CPU
		{71717EE7-936A-0106-E385-6D633738C28A}.Debug|Any CPU.Build.0 = Debug|Any CPU
		{71717EE7-936A-0106-E385-6D633738C28A}.Release|Any CPU.ActiveCfg = Release|Any CPU
		{71717EE7-936A-0106-E385-6D633738C28A}.Release|Any CPU.Build.0 = Release|Any CPU
	EndGlobalSection
	GlobalSection(SolutionProperties) = preSolution
		HideSolutionNode = FALSE
	EndGlobalSection
	GlobalSection(ExtensibilityGlobals) = postSolution
		SolutionGuid = {CBB35252-CE22-421E-886C-04142A4EC2AF}
	EndGlobalSection
EndGlobal
