
Microsoft Visual Studio Solution File, Format Version 12.00
# Visual Studio Version 17
VisualStudioVersion = 17.5.2.0
MinimumVisualStudioVersion = 10.0.40219.1
Project("{FAE04EC0-301F-11D3-BF4B-00C04F79EFBC}") = "EmprestimoCaixa", "Emprestimo\EmprestimoCaixa.csproj", "{CE431AB4-DDEC-61A8-25E0-9475F86111D0}"
EndProject
Project("{FAE04EC0-301F-11D3-BF4B-00C04F79EFBC}") = "Emprestimo.Tests", "Emprestimo.Tests\Emprestimo.Tests.csproj", "{1E65D2FB-F48C-4359-B536-480F1CED3D48}"
EndProject
Global
	GlobalSection(SolutionConfigurationPlatforms) = preSolution
		Debug|Any CPU = Debug|Any CPU
		Debug|x64 = Debug|x64
		Debug|x86 = Debug|x86
		Release|Any CPU = Release|Any CPU
		Release|x64 = Release|x64
		Release|x86 = Release|x86
	EndGlobalSection
	GlobalSection(ProjectConfigurationPlatforms) = postSolution
		{CE431AB4-DDEC-61A8-25E0-9475F86111D0}.Debug|Any CPU.ActiveCfg = Debug|Any CPU
		{CE431AB4-DDEC-61A8-25E0-9475F86111D0}.Debug|Any CPU.Build.0 = Debug|Any CPU
		{CE431AB4-DDEC-61A8-25E0-9475F86111D0}.Debug|x64.ActiveCfg = Debug|Any CPU
		{CE431AB4-DDEC-61A8-25E0-9475F86111D0}.Debug|x64.Build.0 = Debug|Any CPU
		{CE431AB4-DDEC-61A8-25E0-9475F86111D0}.Debug|x86.ActiveCfg = Debug|Any CPU
		{CE431AB4-DDEC-61A8-25E0-9475F86111D0}.Debug|x86.Build.0 = Debug|Any CPU
		{CE431AB4-DDEC-61A8-25E0-9475F86111D0}.Release|Any CPU.ActiveCfg = Release|Any CPU
		{CE431AB4-DDEC-61A8-25E0-9475F86111D0}.Release|Any CPU.Build.0 = Release|Any CPU
		{CE431AB4-DDEC-61A8-25E0-9475F86111D0}.Release|x64.ActiveCfg = Release|Any CPU
		{CE431AB4-DDEC-61A8-25E0-9475F86111D0}.Release|x64.Build.0 = Release|Any CPU
		{CE431AB4-DDEC-61A8-25E0-9475F86111D0}.Release|x86.ActiveCfg = Release|Any CPU
		{CE431AB4-DDEC-61A8-25E0-9475F86111D0}.Release|x86.Build.0 = Release|Any CPU
		{1E65D2FB-F48C-4359-B536-480F1CED3D48}.Debug|Any CPU.ActiveCfg = Debug|Any CPU
		{1E65D2FB-F48C-4359-B536-480F1CED3D48}.Debug|Any CPU.Build.0 = Debug|Any CPU
		{1E65D2FB-F48C-4359-B536-480F1CED3D48}.Debug|x64.ActiveCfg = Debug|Any CPU
		{1E65D2FB-F48C-4359-B536-480F1CED3D48}.Debug|x64.Build.0 = Debug|Any CPU
		{1E65D2FB-F48C-4359-B536-480F1CED3D48}.Debug|x86.ActiveCfg = Debug|Any CPU
		{1E65D2FB-F48C-4359-B536-480F1CED3D48}.Debug|x86.Build.0 = Debug|Any CPU
		{1E65D2FB-F48C-4359-B536-480F1CED3D48}.Release|Any CPU.ActiveCfg = Release|Any CPU
		{1E65D2FB-F48C-4359-B536-480F1CED3D48}.Release|Any CPU.Build.0 = Release|Any CPU
		{1E65D2FB-F48C-4359-B536-480F1CED3D48}.Release|x64.ActiveCfg = Release|Any CPU
		{1E65D2FB-F48C-4359-B536-480F1CED3D48}.Release|x64.Build.0 = Release|Any CPU
		{1E65D2FB-F48C-4359-B536-480F1CED3D48}.Release|x86.ActiveCfg = Release|Any CPU
		{1E65D2FB-F48C-4359-B536-480F1CED3D48}.Release|x86.Build.0 = Release|Any CPU
	EndGlobalSection
	GlobalSection(SolutionProperties) = preSolution
		HideSolutionNode = FALSE
	EndGlobalSection
	GlobalSection(ExtensibilityGlobals) = postSolution
		SolutionGuid = {94D37654-B40C-44DF-803F-9887050991E8}
	EndGlobalSection
EndGlobal
